
Microsoft Visual Studio Solution File, Format Version 12.00
# Visual Studio Version 16
VisualStudioVersion = 16.0.28803.202
MinimumVisualStudioVersion = 10.0.40219.1
Project("{FAE04EC0-301F-11D3-BF4B-00C04F79EFBC}") = "WpfApp3", "WpfApp3\WpfApp3.csproj", "{0E435B7B-0360-4ECD-91E1-73E172054AFF}"
EndProject
Project("{FAE04EC0-301F-11D3-BF4B-00C04F79EFBC}") = "WpfApp3Tests", "WpfApp3Tests\WpfApp3Tests.csproj", "{11E785CB-9615-4F8C-A4C0-D0BACF9CFDF1}"
EndProject
Project("{FAE04EC0-301F-11D3-BF4B-00C04F79EFBC}") = "ModuleOne", "ModelOne\ModuleOne.csproj", "{6544262D-50E9-4B41-B81B-2E96E460282D}"
EndProject
Global
	GlobalSection(SolutionConfigurationPlatforms) = preSolution
		Debug|Any CPU = Debug|Any CPU
		Release|Any CPU = Release|Any CPU
	EndGlobalSection
	GlobalSection(ProjectConfigurationPlatforms) = postSolution
		{0E435B7B-0360-4ECD-91E1-73E172054AFF}.Debug|Any CPU.ActiveCfg = Debug|Any CPU
		{0E435B7B-0360-4ECD-91E1-73E172054AFF}.Debug|Any CPU.Build.0 = Debug|Any CPU
		{0E435B7B-0360-4ECD-91E1-73E172054AFF}.Release|Any CPU.ActiveCfg = Release|Any CPU
		{0E435B7B-0360-4ECD-91E1-73E172054AFF}.Release|Any CPU.Build.0 = Release|Any CPU
		{11E785CB-9615-4F8C-A4C0-D0BACF9CFDF1}.Debug|Any CPU.ActiveCfg = Debug|Any CPU
		{11E785CB-9615-4F8C-A4C0-D0BACF9CFDF1}.Debug|Any CPU.Build.0 = Debug|Any CPU
		{11E785CB-9615-4F8C-A4C0-D0BACF9CFDF1}.Release|Any CPU.ActiveCfg = Release|Any CPU
		{11E785CB-9615-4F8C-A4C0-D0BACF9CFDF1}.Release|Any CPU.Build.0 = Release|Any CPU
		{6544262D-50E9-4B41-B81B-2E96E460282D}.Debug|Any CPU.ActiveCfg = Debug|Any CPU
		{6544262D-50E9-4B41-B81B-2E96E460282D}.Debug|Any CPU.Build.0 = Debug|Any CPU
		{6544262D-50E9-4B41-B81B-2E96E460282D}.Release|Any CPU.ActiveCfg = Release|Any CPU
		{6544262D-50E9-4B41-B81B-2E96E460282D}.Release|Any CPU.Build.0 = Release|Any CPU
	EndGlobalSection
	GlobalSection(SolutionProperties) = preSolution
		HideSolutionNode = FALSE
	EndGlobalSection
	GlobalSection(ExtensibilityGlobals) = postSolution
		SolutionGuid = {95AF3EB0-1F4F-41E3-9A58-9D4C54CEFF08}
	EndGlobalSection
EndGlobal
